
Microsoft Visual Studio Solution File, Format Version 12.00
# Visual Studio Version 17
VisualStudioVersion = 17.0.32126.317
MinimumVisualStudioVersion = 10.0.40219.1
Project("{FAE04EC0-301F-11D3-BF4B-00C04F79EFBC}") = "TopLevelProgram", "TopLevelProgram.csproj", "{4A37DF90-C9DD-4F7C-927B-B6B88FB53A3F}"
EndProject
Global
	GlobalSection(SolutionConfigurationPlatforms) = preSolution
		Debug|Any CPU = Debug|Any CPU
		Release|Any CPU = Release|Any CPU
	EndGlobalSection
	GlobalSection(ProjectConfigurationPlatforms) = postSolution
		{4A37DF90-C9DD-4F7C-927B-B6B88FB53A3F}.Debug|Any CPU.ActiveCfg = Debug|Any CPU
		{4A37DF90-C9DD-4F7C-927B-B6B88FB53A3F}.Debug|Any CPU.Build.0 = Debug|Any CPU
		{4A37DF90-C9DD-4F7C-927B-B6B88FB53A3F}.Release|Any CPU.ActiveCfg = Release|Any CPU
		{4A37DF90-C9DD-4F7C-927B-B6B88FB53A3F}.Release|Any CPU.Build.0 = Release|Any CPU
	EndGlobalSection
	GlobalSection(SolutionProperties) = preSolution
		HideSolutionNode = FALSE
	EndGlobalSection
	GlobalSection(ExtensibilityGlobals) = postSolution
		SolutionGuid = {92303D81-FC83-4E41-9263-82B63E803894}
	EndGlobalSection
EndGlobal
