
Microsoft Visual Studio Solution File, Format Version 12.00
# Visual Studio Version 17
VisualStudioVersion = 17.0.32126.317
MinimumVisualStudioVersion = 10.0.40219.1
Project("{FAE04EC0-301F-11D3-BF4B-00C04F79EFBC}") = "I_O Execptions", "I_O Execptions.csproj", "{71670714-2483-4ACD-BB67-B0E5707B60AA}"
EndProject
Global
	GlobalSection(SolutionConfigurationPlatforms) = preSolution
		Debug|Any CPU = Debug|Any CPU
		Release|Any CPU = Release|Any CPU
	EndGlobalSection
	GlobalSection(ProjectConfigurationPlatforms) = postSolution
		{71670714-2483-4ACD-BB67-B0E5707B60AA}.Debug|Any CPU.ActiveCfg = Debug|Any CPU
		{71670714-2483-4ACD-BB67-B0E5707B60AA}.Debug|Any CPU.Build.0 = Debug|Any CPU
		{71670714-2483-4ACD-BB67-B0E5707B60AA}.Release|Any CPU.ActiveCfg = Release|Any CPU
		{71670714-2483-4ACD-BB67-B0E5707B60AA}.Release|Any CPU.Build.0 = Release|Any CPU
	EndGlobalSection
	GlobalSection(SolutionProperties) = preSolution
		HideSolutionNode = FALSE
	EndGlobalSection
	GlobalSection(ExtensibilityGlobals) = postSolution
		SolutionGuid = {5A2003CA-B5DA-4E72-A16E-D945FF7A9709}
	EndGlobalSection
EndGlobal
