
Microsoft Visual Studio Solution File, Format Version 12.00
# Visual Studio Version 17
VisualStudioVersion = 17.0.32126.317
MinimumVisualStudioVersion = 10.0.40219.1
Project("{FAE04EC0-301F-11D3-BF4B-00C04F79EFBC}") = "Ch04Ex2", "Ch04Ex2.csproj", "{0344F3C2-1738-4B6A-B014-9C37FBA43A50}"
EndProject
Global
	GlobalSection(SolutionConfigurationPlatforms) = preSolution
		Debug|Any CPU = Debug|Any CPU
		Release|Any CPU = Release|Any CPU
	EndGlobalSection
	GlobalSection(ProjectConfigurationPlatforms) = postSolution
		{0344F3C2-1738-4B6A-B014-9C37FBA43A50}.Debug|Any CPU.ActiveCfg = Debug|Any CPU
		{0344F3C2-1738-4B6A-B014-9C37FBA43A50}.Debug|Any CPU.Build.0 = Debug|Any CPU
		{0344F3C2-1738-4B6A-B014-9C37FBA43A50}.Release|Any CPU.ActiveCfg = Release|Any CPU
		{0344F3C2-1738-4B6A-B014-9C37FBA43A50}.Release|Any CPU.Build.0 = Release|Any CPU
	EndGlobalSection
	GlobalSection(SolutionProperties) = preSolution
		HideSolutionNode = FALSE
	EndGlobalSection
	GlobalSection(ExtensibilityGlobals) = postSolution
		SolutionGuid = {AAC89D5D-1516-40EF-939B-A145A3B1E3B6}
	EndGlobalSection
EndGlobal
